
Microsoft Visual Studio Solution File, Format Version 12.00
# Visual Studio 15
VisualStudioVersion = 15.0.28307.1525
MinimumVisualStudioVersion = 10.0.40219.1
Project("{FAE04EC0-301F-11D3-BF4B-00C04F79EFBC}") = "PlaneGeometryCalculator", "PlaneGeometryCalculator\PlaneGeometryCalculator.csproj", "{9AAD2B27-8388-4DCF-888A-BEC18E371676}"
EndProject
Global
	GlobalSection(SolutionConfigurationPlatforms) = preSolution
		Debug|Any CPU = Debug|Any CPU
		Release|Any CPU = Release|Any CPU
	EndGlobalSection
	GlobalSection(ProjectConfigurationPlatforms) = postSolution
		{9AAD2B27-8388-4DCF-888A-BEC18E371676}.Debug|Any CPU.ActiveCfg = Debug|Any CPU
		{9AAD2B27-8388-4DCF-888A-BEC18E371676}.Debug|Any CPU.Build.0 = Debug|Any CPU
		{9AAD2B27-8388-4DCF-888A-BEC18E371676}.Release|Any CPU.ActiveCfg = Release|Any CPU
		{9AAD2B27-8388-4DCF-888A-BEC18E371676}.Release|Any CPU.Build.0 = Release|Any CPU
	EndGlobalSection
	GlobalSection(SolutionProperties) = preSolution
		HideSolutionNode = FALSE
	EndGlobalSection
	GlobalSection(ExtensibilityGlobals) = postSolution
		SolutionGuid = {37A73745-5541-4389-B858-2D2D22990283}
	EndGlobalSection
EndGlobal
